
Microsoft Visual Studio Solution File, Format Version 12.00
Project("{FAE04EC0-301F-11D3-BF4B-00C04F79EFBC}") = "169MajorityElement", "169MajorityElement\169MajorityElement.csproj", "{F8D8F5F4-52DB-46D8-A7DC-A2818810DDA8}"
EndProject
Project("{FAE04EC0-301F-11D3-BF4B-00C04F79EFBC}") = "189RotateArray", "189RotateArray\189RotateArray.csproj", "{02E7CD3F-45AD-46A4-8C3E-78D8C9EC1B47}"
EndProject
Project("{FAE04EC0-301F-11D3-BF4B-00C04F79EFBC}") = "121BestTimeBuySellStock", "121BestTimeBuySellStock\121BestTimeBuySellStock.csproj", "{BAA3BFDC-AE0F-4CC9-9450-AB94B012937D}"
EndProject
Project("{FAE04EC0-301F-11D3-BF4B-00C04F79EFBC}") = "122BestTimeBuySellStockII", "122BestTimeBuySellStockII\122BestTimeBuySellStockII.csproj", "{15FE9A88-C9E3-433F-B4FB-B19E74015C94}"
EndProject
Project("{FAE04EC0-301F-11D3-BF4B-00C04F79EFBC}") = "055JumpsGame", "055JumpsGame\055JumpsGame.csproj", "{60F83EE5-1180-4627-89AF-1EB367869E76}"
EndProject
Project("{FAE04EC0-301F-11D3-BF4B-00C04F79EFBC}") = "013RomanToInteger", "013RomanToInteger\013RomanToInteger.csproj", "{98816260-FC81-45EF-BF33-77BDD66C137C}"
EndProject
Global
	GlobalSection(SolutionConfigurationPlatforms) = preSolution
		Debug|Any CPU = Debug|Any CPU
		Release|Any CPU = Release|Any CPU
	EndGlobalSection
	GlobalSection(ProjectConfigurationPlatforms) = postSolution
		{F8D8F5F4-52DB-46D8-A7DC-A2818810DDA8}.Debug|Any CPU.ActiveCfg = Debug|Any CPU
		{F8D8F5F4-52DB-46D8-A7DC-A2818810DDA8}.Debug|Any CPU.Build.0 = Debug|Any CPU
		{F8D8F5F4-52DB-46D8-A7DC-A2818810DDA8}.Release|Any CPU.ActiveCfg = Release|Any CPU
		{F8D8F5F4-52DB-46D8-A7DC-A2818810DDA8}.Release|Any CPU.Build.0 = Release|Any CPU
		{02E7CD3F-45AD-46A4-8C3E-78D8C9EC1B47}.Debug|Any CPU.ActiveCfg = Debug|Any CPU
		{02E7CD3F-45AD-46A4-8C3E-78D8C9EC1B47}.Debug|Any CPU.Build.0 = Debug|Any CPU
		{02E7CD3F-45AD-46A4-8C3E-78D8C9EC1B47}.Release|Any CPU.ActiveCfg = Release|Any CPU
		{02E7CD3F-45AD-46A4-8C3E-78D8C9EC1B47}.Release|Any CPU.Build.0 = Release|Any CPU
		{BAA3BFDC-AE0F-4CC9-9450-AB94B012937D}.Debug|Any CPU.ActiveCfg = Debug|Any CPU
		{BAA3BFDC-AE0F-4CC9-9450-AB94B012937D}.Debug|Any CPU.Build.0 = Debug|Any CPU
		{BAA3BFDC-AE0F-4CC9-9450-AB94B012937D}.Release|Any CPU.ActiveCfg = Release|Any CPU
		{BAA3BFDC-AE0F-4CC9-9450-AB94B012937D}.Release|Any CPU.Build.0 = Release|Any CPU
		{15FE9A88-C9E3-433F-B4FB-B19E74015C94}.Debug|Any CPU.ActiveCfg = Debug|Any CPU
		{15FE9A88-C9E3-433F-B4FB-B19E74015C94}.Debug|Any CPU.Build.0 = Debug|Any CPU
		{15FE9A88-C9E3-433F-B4FB-B19E74015C94}.Release|Any CPU.ActiveCfg = Release|Any CPU
		{15FE9A88-C9E3-433F-B4FB-B19E74015C94}.Release|Any CPU.Build.0 = Release|Any CPU
		{60F83EE5-1180-4627-89AF-1EB367869E76}.Debug|Any CPU.ActiveCfg = Debug|Any CPU
		{60F83EE5-1180-4627-89AF-1EB367869E76}.Debug|Any CPU.Build.0 = Debug|Any CPU
		{60F83EE5-1180-4627-89AF-1EB367869E76}.Release|Any CPU.ActiveCfg = Release|Any CPU
		{60F83EE5-1180-4627-89AF-1EB367869E76}.Release|Any CPU.Build.0 = Release|Any CPU
		{98816260-FC81-45EF-BF33-77BDD66C137C}.Debug|Any CPU.ActiveCfg = Debug|Any CPU
		{98816260-FC81-45EF-BF33-77BDD66C137C}.Debug|Any CPU.Build.0 = Debug|Any CPU
		{98816260-FC81-45EF-BF33-77BDD66C137C}.Release|Any CPU.ActiveCfg = Release|Any CPU
		{98816260-FC81-45EF-BF33-77BDD66C137C}.Release|Any CPU.Build.0 = Release|Any CPU
	EndGlobalSection
EndGlobal
