
Microsoft Visual Studio Solution File, Format Version 12.00
Project("{FAE04EC0-301F-11D3-BF4B-00C04F79EFBC}") = "01BinarySearch", "01BinarySearch\01BinarySearch.csproj", "{1340E6D0-7C5C-4511-9E4A-903758627628}"
EndProject
Project("{FAE04EC0-301F-11D3-BF4B-00C04F79EFBC}") = "02SelectionSort", "02SelectionSort\02SelectionSort.csproj", "{A542EA0A-0D5F-40B8-B14E-E7EBFF044AE9}"
EndProject
Project("{FAE04EC0-301F-11D3-BF4B-00C04F79EFBC}") = "04Quicksort", "04Quicksort\04Quicksort.csproj", "{9CAEDF45-AE11-4827-83E0-DF9FD7C2BE00}"
EndProject
Project("{FAE04EC0-301F-11D3-BF4B-00C04F79EFBC}") = "03Recursion", "03Recursion\03Recursion.csproj", "{0AB2C85F-D532-4BC6-B010-D4A855E15BAF}"
EndProject
Project("{FAE04EC0-301F-11D3-BF4B-00C04F79EFBC}") = "05HashTables", "05HashTables\05HashTables.csproj", "{754981CA-7305-45E4-BC99-2DD7A973222E}"
EndProject
Project("{FAE04EC0-301F-11D3-BF4B-00C04F79EFBC}") = "06BreadthFirstSearch", "06BreadthFirstSearch\06BreadthFirstSearch.csproj", "{2C28740D-F39C-4A7A-A305-1AA9355666B8}"
EndProject
Project("{FAE04EC0-301F-11D3-BF4B-00C04F79EFBC}") = "07DijkstraAlgorithm", "07DijkstraAlgorithm\07DijkstraAlgorithm.csproj", "{5EABBEC9-AE89-4297-A95B-AE066BE73F73}"
EndProject
Project("{FAE04EC0-301F-11D3-BF4B-00C04F79EFBC}") = "08GreedyAlgorithm", "08GreedyAlgorithm\08GreedyAlgorithm.csproj", "{638A942B-F73F-4F2B-8A1B-8C0DB0606A38}"
EndProject
Project("{FAE04EC0-301F-11D3-BF4B-00C04F79EFBC}") = "10DynamicProgramming", "10DynamicProgramming\10DynamicProgramming.csproj", "{F5FD2D31-3A4D-4515-9ECD-D03239ED8710}"
EndProject
Global
	GlobalSection(SolutionConfigurationPlatforms) = preSolution
		Debug|Any CPU = Debug|Any CPU
		Release|Any CPU = Release|Any CPU
	EndGlobalSection
	GlobalSection(ProjectConfigurationPlatforms) = postSolution
		{1340E6D0-7C5C-4511-9E4A-903758627628}.Debug|Any CPU.ActiveCfg = Debug|Any CPU
		{1340E6D0-7C5C-4511-9E4A-903758627628}.Debug|Any CPU.Build.0 = Debug|Any CPU
		{1340E6D0-7C5C-4511-9E4A-903758627628}.Release|Any CPU.ActiveCfg = Release|Any CPU
		{1340E6D0-7C5C-4511-9E4A-903758627628}.Release|Any CPU.Build.0 = Release|Any CPU
		{A542EA0A-0D5F-40B8-B14E-E7EBFF044AE9}.Debug|Any CPU.ActiveCfg = Debug|Any CPU
		{A542EA0A-0D5F-40B8-B14E-E7EBFF044AE9}.Debug|Any CPU.Build.0 = Debug|Any CPU
		{A542EA0A-0D5F-40B8-B14E-E7EBFF044AE9}.Release|Any CPU.ActiveCfg = Release|Any CPU
		{A542EA0A-0D5F-40B8-B14E-E7EBFF044AE9}.Release|Any CPU.Build.0 = Release|Any CPU
		{9CAEDF45-AE11-4827-83E0-DF9FD7C2BE00}.Debug|Any CPU.ActiveCfg = Debug|Any CPU
		{9CAEDF45-AE11-4827-83E0-DF9FD7C2BE00}.Debug|Any CPU.Build.0 = Debug|Any CPU
		{9CAEDF45-AE11-4827-83E0-DF9FD7C2BE00}.Release|Any CPU.ActiveCfg = Release|Any CPU
		{9CAEDF45-AE11-4827-83E0-DF9FD7C2BE00}.Release|Any CPU.Build.0 = Release|Any CPU
		{0AB2C85F-D532-4BC6-B010-D4A855E15BAF}.Debug|Any CPU.ActiveCfg = Debug|Any CPU
		{0AB2C85F-D532-4BC6-B010-D4A855E15BAF}.Debug|Any CPU.Build.0 = Debug|Any CPU
		{0AB2C85F-D532-4BC6-B010-D4A855E15BAF}.Release|Any CPU.ActiveCfg = Release|Any CPU
		{0AB2C85F-D532-4BC6-B010-D4A855E15BAF}.Release|Any CPU.Build.0 = Release|Any CPU
		{754981CA-7305-45E4-BC99-2DD7A973222E}.Debug|Any CPU.ActiveCfg = Debug|Any CPU
		{754981CA-7305-45E4-BC99-2DD7A973222E}.Debug|Any CPU.Build.0 = Debug|Any CPU
		{754981CA-7305-45E4-BC99-2DD7A973222E}.Release|Any CPU.ActiveCfg = Release|Any CPU
		{754981CA-7305-45E4-BC99-2DD7A973222E}.Release|Any CPU.Build.0 = Release|Any CPU
		{2C28740D-F39C-4A7A-A305-1AA9355666B8}.Debug|Any CPU.ActiveCfg = Debug|Any CPU
		{2C28740D-F39C-4A7A-A305-1AA9355666B8}.Debug|Any CPU.Build.0 = Debug|Any CPU
		{2C28740D-F39C-4A7A-A305-1AA9355666B8}.Release|Any CPU.ActiveCfg = Release|Any CPU
		{2C28740D-F39C-4A7A-A305-1AA9355666B8}.Release|Any CPU.Build.0 = Release|Any CPU
		{5EABBEC9-AE89-4297-A95B-AE066BE73F73}.Debug|Any CPU.ActiveCfg = Debug|Any CPU
		{5EABBEC9-AE89-4297-A95B-AE066BE73F73}.Debug|Any CPU.Build.0 = Debug|Any CPU
		{5EABBEC9-AE89-4297-A95B-AE066BE73F73}.Release|Any CPU.ActiveCfg = Release|Any CPU
		{5EABBEC9-AE89-4297-A95B-AE066BE73F73}.Release|Any CPU.Build.0 = Release|Any CPU
		{638A942B-F73F-4F2B-8A1B-8C0DB0606A38}.Debug|Any CPU.ActiveCfg = Debug|Any CPU
		{638A942B-F73F-4F2B-8A1B-8C0DB0606A38}.Debug|Any CPU.Build.0 = Debug|Any CPU
		{638A942B-F73F-4F2B-8A1B-8C0DB0606A38}.Release|Any CPU.ActiveCfg = Release|Any CPU
		{638A942B-F73F-4F2B-8A1B-8C0DB0606A38}.Release|Any CPU.Build.0 = Release|Any CPU
		{F5FD2D31-3A4D-4515-9ECD-D03239ED8710}.Debug|Any CPU.ActiveCfg = Debug|Any CPU
		{F5FD2D31-3A4D-4515-9ECD-D03239ED8710}.Debug|Any CPU.Build.0 = Debug|Any CPU
		{F5FD2D31-3A4D-4515-9ECD-D03239ED8710}.Release|Any CPU.ActiveCfg = Release|Any CPU
		{F5FD2D31-3A4D-4515-9ECD-D03239ED8710}.Release|Any CPU.Build.0 = Release|Any CPU
	EndGlobalSection
EndGlobal
